
Microsoft Visual Studio Solution File, Format Version 12.00
# Visual Studio Version 16
VisualStudioVersion = 16.0.30309.148
MinimumVisualStudioVersion = 10.0.40219.1
Project("{FAE04EC0-301F-11D3-BF4B-00C04F79EFBC}") = "FunctionAppTest", "FunctionAppTest.csproj", "{D05BB155-5FF6-4C7E-AE16-801B83D8E9EF}"
EndProject
Global
	GlobalSection(SolutionConfigurationPlatforms) = preSolution
		Debug|Any CPU = Debug|Any CPU
		Release|Any CPU = Release|Any CPU
	EndGlobalSection
	GlobalSection(ProjectConfigurationPlatforms) = postSolution
		{D05BB155-5FF6-4C7E-AE16-801B83D8E9EF}.Debug|Any CPU.ActiveCfg = Debug|Any CPU
		{D05BB155-5FF6-4C7E-AE16-801B83D8E9EF}.Debug|Any CPU.Build.0 = Debug|Any CPU
		{D05BB155-5FF6-4C7E-AE16-801B83D8E9EF}.Release|Any CPU.ActiveCfg = Release|Any CPU
		{D05BB155-5FF6-4C7E-AE16-801B83D8E9EF}.Release|Any CPU.Build.0 = Release|Any CPU
	EndGlobalSection
	GlobalSection(SolutionProperties) = preSolution
		HideSolutionNode = FALSE
	EndGlobalSection
	GlobalSection(ExtensibilityGlobals) = postSolution
		SolutionGuid = {9AD01F04-0C48-4E63-8BEC-1AB3FE3F72F2}
	EndGlobalSection
EndGlobal
